
Microsoft Visual Studio Solution File, Format Version 12.00
# Visual Studio Version 16
VisualStudioVersion = 16.0.32002.261
MinimumVisualStudioVersion = 10.0.40219.1
Project("{FAE04EC0-301F-11D3-BF4B-00C04F79EFBC}") = "CoreWebApp200822", "CoreWebApp200822\CoreWebApp200822.csproj", "{414CD7D8-BA51-44D3-AF33-7152A026F104}"
EndProject
Global
	GlobalSection(SolutionConfigurationPlatforms) = preSolution
		Debug|Any CPU = Debug|Any CPU
		Release|Any CPU = Release|Any CPU
	EndGlobalSection
	GlobalSection(ProjectConfigurationPlatforms) = postSolution
		{414CD7D8-BA51-44D3-AF33-7152A026F104}.Debug|Any CPU.ActiveCfg = Debug|Any CPU
		{414CD7D8-BA51-44D3-AF33-7152A026F104}.Debug|Any CPU.Build.0 = Debug|Any CPU
		{414CD7D8-BA51-44D3-AF33-7152A026F104}.Release|Any CPU.ActiveCfg = Release|Any CPU
		{414CD7D8-BA51-44D3-AF33-7152A026F104}.Release|Any CPU.Build.0 = Release|Any CPU
	EndGlobalSection
	GlobalSection(SolutionProperties) = preSolution
		HideSolutionNode = FALSE
	EndGlobalSection
	GlobalSection(ExtensibilityGlobals) = postSolution
		SolutionGuid = {DC040E91-CD6D-45C7-8E9E-A4B7E74EB5FB}
	EndGlobalSection
EndGlobal
